
Microsoft Visual Studio Solution File, Format Version 12.00
# Visual Studio Version 17
VisualStudioVersion = 17.11.35312.102
MinimumVisualStudioVersion = 10.0.40219.1
Project("{FAE04EC0-301F-11D3-BF4B-00C04F79EFBC}") = "Stack.Testing", "Stack.Testing\Stack.Testing.csproj", "{C6E00BA2-F114-46EE-BA90-DDD62032BC06}"
EndProject
Global
	GlobalSection(SolutionConfigurationPlatforms) = preSolution
		Debug|Any CPU = Debug|Any CPU
		Release|Any CPU = Release|Any CPU
	EndGlobalSection
	GlobalSection(ProjectConfigurationPlatforms) = postSolution
		{C6E00BA2-F114-46EE-BA90-DDD62032BC06}.Debug|Any CPU.ActiveCfg = Debug|Any CPU
		{C6E00BA2-F114-46EE-BA90-DDD62032BC06}.Debug|Any CPU.Build.0 = Debug|Any CPU
		{C6E00BA2-F114-46EE-BA90-DDD62032BC06}.Release|Any CPU.ActiveCfg = Release|Any CPU
		{C6E00BA2-F114-46EE-BA90-DDD62032BC06}.Release|Any CPU.Build.0 = Release|Any CPU
	EndGlobalSection
	GlobalSection(SolutionProperties) = preSolution
		HideSolutionNode = FALSE
	EndGlobalSection
	GlobalSection(ExtensibilityGlobals) = postSolution
		SolutionGuid = {1AD84A93-A101-48EC-8D5F-A71D49130994}
	EndGlobalSection
EndGlobal
